// !$*UTF8*$!
{
	archiveVersion = 1;
	classes = {
	};
	objectVersion = 52;
	objects = {

/* Begin PBXBuildFile section */
		48B22E9525BF370D00DE6818 /* Assets.xcassets in Resources */ = {isa = PBXBuildFile; fileRef = 48B22E9425BF370D00DE6818 /* Assets.xcassets */; };
		48B22E9825BF370D00DE6818 /* Preview Assets.xcassets in Resources */ = {isa = PBXBuildFile; fileRef = 48B22E9725BF370D00DE6818 /* Preview Assets.xcassets */; };
		48F8DC3A25BF3A77000EFA3F /* ContentView.swift in Sources */ = {isa = PBXBuildFile; fileRef = 48F8DC3925BF3A76000EFA3F /* ContentView.swift */; };
		48F8DC3E25BF3A84000EFA3F /* Model.swift in Sources */ = {isa = PBXBuildFile; fileRef = 48F8DC3D25BF3A84000EFA3F /* Model.swift */; };
		48F8DC4225BF3AE3000EFA3F /* UnsplashAPIApp.swift in Sources */ = {isa = PBXBuildFile; fileRef = 48F8DC4125BF3AE3000EFA3F /* UnsplashAPIApp.swift */; };
		48F8DC4725BF3B20000EFA3F /* SDWebImageSwiftUI in Frameworks */ = {isa = PBXBuildFile; productRef = 48F8DC4625BF3B20000EFA3F /* SDWebImageSwiftUI */; };
/* End PBXBuildFile section */

/* Begin PBXFileReference section */
		48B22E8D25BF370900DE6818 /* UnsplashAPI.app */ = {isa = PBXFileReference; explicitFileType = wrapper.application; includeInIndex = 0; path = UnsplashAPI.app; sourceTree = BUILT_PRODUCTS_DIR; };
		48B22E9425BF370D00DE6818 /* Assets.xcassets */ = {isa = PBXFileReference; lastKnownFileType = folder.assetcatalog; path = Assets.xcassets; sourceTree = "<group>"; };
		48B22E9725BF370D00DE6818 /* Preview Assets.xcassets */ = {isa = PBXFileReference; lastKnownFileType = folder.assetcatalog; path = "Preview Assets.xcassets"; sourceTree = "<group>"; };
		48B22E9925BF370D00DE6818 /* Info.plist */ = {isa = PBXFileReference; lastKnownFileType = text.plist.xml; path = Info.plist; sourceTree = "<group>"; };
		48F8DC3925BF3A76000EFA3F /* ContentView.swift */ = {isa = PBXFileReference; fileEncoding = 4; lastKnownFileType = sourcecode.swift; path = ContentView.swift; sourceTree = "<group>"; };
		48F8DC3D25BF3A84000EFA3F /* Model.swift */ = {isa = PBXFileReference; fileEncoding = 4; lastKnownFileType = sourcecode.swift; path = Model.swift; sourceTree = "<group>"; };
		48F8DC4125BF3AE3000EFA3F /* UnsplashAPIApp.swift */ = {isa = PBXFileReference; lastKnownFileType = sourcecode.swift; path = UnsplashAPIApp.swift; sourceTree = "<group>"; };
/* End PBXFileReference section */

/* Begin PBXFrameworksBuildPhase section */
		48B22E8A25BF370900DE6818 /* Frameworks */ = {
			isa = PBXFrameworksBuildPhase;
			buildActionMask = 2147483647;
			files = (
				48F8DC4725BF3B20000EFA3F /* SDWebImageSwiftUI in Frameworks */,
			);
			runOnlyForDeploymentPostprocessing = 0;
		};
/* End PBXFrameworksBuildPhase section */

/* Begin PBXGroup section */
		48B22E8425BF370800DE6818 = {
			isa = PBXGroup;
			children = (
				48B22E8F25BF370900DE6818 /* UnsplashAPI */,
				48B22E8E25BF370900DE6818 /* Products */,
			);
			sourceTree = "<group>";
		};
		48B22E8E25BF370900DE6818 /* Products */ = {
			isa = PBXGroup;
			children = (
				48B22E8D25BF370900DE6818 /* UnsplashAPI.app */,
			);
			name = Products;
			sourceTree = "<group>";
		};
		48B22E8F25BF370900DE6818 /* UnsplashAPI */ = {
			isa = PBXGroup;
			children = (
				48F8DC4125BF3AE3000EFA3F /* UnsplashAPIApp.swift */,
				48F8DC3D25BF3A84000EFA3F /* Model.swift */,
				48F8DC3925BF3A76000EFA3F /* ContentView.swift */,
				48B22E9425BF370D00DE6818 /* Assets.xcassets */,
				48B22E9925BF370D00DE6818 /* Info.plist */,
				48B22E9625BF370D00DE6818 /* Preview Content */,
			);
			path = UnsplashAPI;
			sourceTree = "<group>";
		};
		48B22E9625BF370D00DE6818 /* Preview Content */ = {
			isa = PBXGroup;
			children = (
				48B22E9725BF370D00DE6818 /* Preview Assets.xcassets */,
			);
			path = "Preview Content";
			sourceTree = "<group>";
		};
/* End PBXGroup section */

/* Begin PBXNativeTarget section */
		48B22E8C25BF370900DE6818 /* UnsplashAPI */ = {
			isa = PBXNativeTarget;
			buildConfigurationList = 48B22E9C25BF370D00DE6818 /* Build configuration list for PBXNativeTarget "UnsplashAPI" */;
			buildPhases = (
				48B22E8925BF370900DE6818 /* Sources */,
				48B22E8A25BF370900DE6818 /* Frameworks */,
				48B22E8B25BF370900DE6818 /* Resources */,
			);
			buildRules = (
			);
			dependencies = (
			);
			name = UnsplashAPI;
			packageProductDependencies = (
				48F8DC4625BF3B20000EFA3F /* SDWebImageSwiftUI */,
			);
			productName = UnsplashAPI;
			productReference = 48B22E8D25BF370900DE6818 /* UnsplashAPI.app */;
			productType = "com.apple.product-type.application";
		};
/* End PBXNativeTarget section */

/* Begin PBXProject section */
		48B22E8525BF370800DE6818 /* Project object */ = {
			isa = PBXProject;
			attributes = {
				LastSwiftUpdateCheck = 1230;
				LastUpgradeCheck = 1230;
				TargetAttributes = {
					48B22E8C25BF370900DE6818 = {
						CreatedOnToolsVersion = 12.3;
					};
				};
			};
			buildConfigurationList = 48B22E8825BF370800DE6818 /* Build configuration list for PBXProject "UnsplashAPI" */;
			compatibilityVersion = "Xcode 9.3";
			developmentRegion = en;
			hasScannedForEncodings = 0;
			knownRegions = (
				en,
				Base,
			);
			mainGroup = 48B22E8425BF370800DE6818;
			packageReferences = (
				48F8DC4525BF3B20000EFA3F /* XCRemoteSwiftPackageReference "SDWebImageSwiftUI" */,
			);
			productRefGroup = 48B22E8E25BF370900DE6818 /* Products */;
			projectDirPath = "";
			projectRoot = "";
			targets = (
				48B22E8C25BF370900DE6818 /* UnsplashAPI */,
			);
		};
/* End PBXProject section */

/* Begin PBXResourcesBuildPhase section */
		48B22E8B25BF370900DE6818 /* Resources */ = {
			isa = PBXResourcesBuildPhase;
			buildActionMask = 2147483647;
			files = (
				48B22E9825BF370D00DE6818 /* Preview Assets.xcassets in Resources */,
				48B22E9525BF370D00DE6818 /* Assets.xcassets in Resources */,
			);
			runOnlyForDeploymentPostprocessing = 0;
		};
/* End PBXResourcesBuildPhase section */

/* Begin PBXSourcesBuildPhase section */
		48B22E8925BF370900DE6818 /* Sources */ = {
			isa = PBXSourcesBuildPhase;
			buildActionMask = 2147483647;
			files = (
				48F8DC3A25BF3A77000EFA3F /* ContentView.swift in Sources */,
				48F8DC3E25BF3A84000EFA3F /* Model.swift in Sources */,
				48F8DC4225BF3AE3000EFA3F /* UnsplashAPIApp.swift in Sources */,
			);
			runOnlyForDeploymentPostprocessing = 0;
		};
/* End PBXSourcesBuildPhase section */

/* Begin XCBuildConfiguration section */
		48B22E9A25BF370D00DE6818 /* Debug */ = {
			isa = XCBuildConfiguration;
			buildSettings = {
				ALWAYS_SEARCH_USER_PATHS = NO;
				CLANG_ANALYZER_NONNULL = YES;
				CLANG_ANALYZER_NUMBER_OBJECT_CONVERSION = YES_AGGRESSIVE;
				CLANG_CXX_LANGUAGE_STANDARD = "gnu++14";
				CLANG_CXX_LIBRARY = "libc++";
				CLANG_ENABLE_MODULES = YES;
				CLANG_ENABLE_OBJC_ARC = YES;
				CLANG_ENABLE_OBJC_WEAK = YES;
				CLANG_WARN_BLOCK_CAPTURE_AUTORELEASING = YES;
				CLANG_WARN_BOOL_CONVERSION = YES;
				CLANG_WARN_COMMA = YES;
				CLANG_WARN_CONSTANT_CONVERSION = YES;
				CLANG_WARN_DEPRECATED_OBJC_IMPLEMENTATIONS = YES;
				CLANG_WARN_DIRECT_OBJC_ISA_USAGE = YES_ERROR;
				CLANG_WARN_DOCUMENTATION_COMMENTS = YES;
				CLANG_WARN_EMPTY_BODY = YES;
				CLANG_WARN_ENUM_CONVERSION = YES;
				CLANG_WARN_INFINITE_RECURSION = YES;
				CLANG_WARN_INT_CONVERSION = YES;
				CLANG_WARN_NON_LITERAL_NULL_CONVERSION = YES;
				CLANG_WARN_OBJC_IMPLICIT_RETAIN_SELF = YES;
				CLANG_WARN_OBJC_LITERAL_CONVERSION = YES;
				CLANG_WARN_OBJC_ROOT_CLASS = YES_ERROR;
				CLANG_WARN_QUOTED_INCLUDE_IN_FRAMEWORK_HEADER = YES;
				CLANG_WARN_RANGE_LOOP_ANALYSIS = YES;
				CLANG_WARN_STRICT_PROTOTYPES = YES;
				CLANG_WARN_SUSPICIOUS_MOVE = YES;
				CLANG_WARN_UNGUARDED_AVAILABILITY = YES_AGGRESSIVE;
				CLANG_WARN_UNREACHABLE_CODE = YES;
				CLANG_WARN__DUPLICATE_METHOD_MATCH = YES;
				COPY_PHASE_STRIP = NO;
				DEBUG_INFORMATION_FORMAT = dwarf;
				ENABLE_STRICT_OBJC_MSGSEND = YES;
				ENABLE_TESTABILITY = YES;
				GCC_C_LANGUAGE_STANDARD = gnu11;
				GCC_DYNAMIC_NO_PIC = NO;
				GCC_NO_COMMON_BLOCKS = YES;
				GCC_OPTIMIZATION_LEVEL = 0;
				GCC_PREPROCESSOR_DEFINITIONS = (
					"DEBUG=1",
					"$(inherited)",
				);
				GCC_WARN_64_TO_32_BIT_CONVERSION = YES;
				GCC_WARN_ABOUT_RETURN_TYPE = YES_ERROR;
				GCC_WARN_UNDECLARED_SELECTOR = YES;
				GCC_WARN_UNINITIALIZED_AUTOS = YES_AGGRESSIVE;
				GCC_WARN_UNUSED_FUNCTION = YES;
				GCC_WARN_UNUSED_VARIABLE = YES;
				IPHONEOS_DEPLOYMENT_TARGET = 14.3;
				MTL_ENABLE_DEBUG_INFO = INCLUDE_SOURCE;
				MTL_FAST_MATH = YES;
				ONLY_ACTIVE_ARCH = YES;
				SDKROOT = iphoneos;
				SWIFT_ACTIVE_COMPILATION_CONDITIONS = DEBUG;
				SWIFT_OPTIMIZATION_LEVEL = "-Onone";
			};
			name = Debug;
		};
		48B22E9B25BF370D00DE6818 /* Release */ = {
			isa = XCBuildConfiguration;
			buildSettings = {
				ALWAYS_SEARCH_USER_PATHS = NO;
				CLANG_ANALYZER_NONNULL = YES;
				CLANG_ANALYZER_NUMBER_OBJECT_CONVERSION = YES_AGGRESSIVE;
				CLANG_CXX_LANGUAGE_STANDARD = "gnu++14";
				CLANG_CXX_LIBRARY = "libc++";
				CLANG_ENABLE_MODULES = YES;
				CLANG_ENABLE_OBJC_ARC = YES;
				CLANG_ENABLE_OBJC_WEAK = YES;
				CLANG_WARN_BLOCK_CAPTURE_AUTORELEASING = YES;
				CLANG_WARN_BOOL_CONVERSION = YES;
				CLANG_WARN_COMMA = YES;
				CLANG_WARN_CONSTANT_CONVERSION = YES;
				CLANG_WARN_DEPRECATED_OBJC_IMPLEMENTATIONS = YES;
				CLANG_WARN_DIRECT_OBJC_ISA_USAGE = YES_ERROR;
				CLANG_WARN_DOCUMENTATION_COMMENTS = YES;
				CLANG_WARN_EMPTY_BODY = YES;
				CLANG_WARN_ENUM_CONVERSION = YES;
				CLANG_WARN_INFINITE_RECURSION = YES;
				CLANG_WARN_INT_CONVERSION = YES;
				CLANG_WARN_NON_LITERAL_NULL_CONVERSION = YES;
				CLANG_WARN_OBJC_IMPLICIT_RETAIN_SELF = YES;
				CLANG_WARN_OBJC_LITERAL_CONVERSION = YES;
				CLANG_WARN_OBJC_ROOT_CLASS = YES_ERROR;
				CLANG_WARN_QUOTED_INCLUDE_IN_FRAMEWORK_HEADER = YES;
				CLANG_WARN_RANGE_LOOP_ANALYSIS = YES;
				CLANG_WARN_STRICT_PROTOTYPES = YES;
				CLANG_WARN_SUSPICIOUS_MOVE = YES;
				CLANG_WARN_UNGUARDED_AVAILABILITY = YES_AGGRESSIVE;
				CLANG_WARN_UNREACHABLE_CODE = YES;
				CLANG_WARN__DUPLICATE_METHOD_MATCH = YES;
				COPY_PHASE_STRIP = NO;
				DEBUG_INFORMATION_FORMAT = "dwarf-with-dsym";
				ENABLE_NS_ASSERTIONS = NO;
				ENABLE_STRICT_OBJC_MSGSEND = YES;
				GCC_C_LANGUAGE_STANDARD = gnu11;
				GCC_NO_COMMON_BLOCKS = YES;
				GCC_WARN_64_TO_32_BIT_CONVERSION = YES;
				GCC_WARN_ABOUT_RETURN_TYPE = YES_ERROR;
				GCC_WARN_UNDECLARED_SELECTOR = YES;
				GCC_WARN_UNINITIALIZED_AUTOS = YES_AGGRESSIVE;
				GCC_WARN_UNUSED_FUNCTION = YES;
				GCC_WARN_UNUSED_VARIABLE = YES;
				IPHONEOS_DEPLOYMENT_TARGET = 14.3;
				MTL_ENABLE_DEBUG_INFO = NO;
				MTL_FAST_MATH = YES;
				SDKROOT = iphoneos;
				SWIFT_COMPILATION_MODE = wholemodule;
				SWIFT_OPTIMIZATION_LEVEL = "-O";
				VALIDATE_PRODUCT = YES;
			};
			name = Release;
		};
		48B22E9D25BF370D00DE6818 /* Debug */ = {
			isa = XCBuildConfiguration;
			buildSettings = {
				ASSETCATALOG_COMPILER_APPICON_NAME = AppIcon;
				ASSETCATALOG_COMPILER_GLOBAL_ACCENT_COLOR_NAME = AccentColor;
				CODE_SIGN_STYLE = Automatic;
				DEVELOPMENT_ASSET_PATHS = "\"UnsplashAPI/Preview Content\"";
				DEVELOPMENT_TEAM = 78369ZC29J;
				ENABLE_PREVIEWS = YES;
				INFOPLIST_FILE = UnsplashAPI/Info.plist;
				IPHONEOS_DEPLOYMENT_TARGET = 14.0;
				LD_RUNPATH_SEARCH_PATHS = (
					"$(inherited)",
					"@executable_path/Frameworks",
				);
				PRODUCT_BUNDLE_IDENTIFIER = com.philipcdavis.UnsplashAPI;
				PRODUCT_NAME = "$(TARGET_NAME)";
				SWIFT_VERSION = 5.0;
				TARGETED_DEVICE_FAMILY = "1,2";
			};
			name = Debug;
		};
		48B22E9E25BF370D00DE6818 /* Release */ = {
			isa = XCBuildConfiguration;
			buildSettings = {
				ASSETCATALOG_COMPILER_APPICON_NAME = AppIcon;
				ASSETCATALOG_COMPILER_GLOBAL_ACCENT_COLOR_NAME = AccentColor;
				CODE_SIGN_STYLE = Automatic;
				DEVELOPMENT_ASSET_PATHS = "\"UnsplashAPI/Preview Content\"";
				DEVELOPMENT_TEAM = 78369ZC29J;
				ENABLE_PREVIEWS = YES;
				INFOPLIST_FILE = UnsplashAPI/Info.plist;
				IPHONEOS_DEPLOYMENT_TARGET = 14.0;
				LD_RUNPATH_SEARCH_PATHS = (
					"$(inherited)",
					"@executable_path/Frameworks",
				);
				PRODUCT_BUNDLE_IDENTIFIER = com.philipcdavis.UnsplashAPI;
				PRODUCT_NAME = "$(TARGET_NAME)";
				SWIFT_VERSION = 5.0;
				TARGETED_DEVICE_FAMILY = "1,2";
			};
			name = Release;
		};
/* End XCBuildConfiguration section */

/* Begin XCConfigurationList section */
		48B22E8825BF370800DE6818 /* Build configuration list for PBXProject "UnsplashAPI" */ = {
			isa = XCConfigurationList;
			buildConfigurations = (
				48B22E9A25BF370D00DE6818 /* Debug */,
				48B22E9B25BF370D00DE6818 /* Release */,
			);
			defaultConfigurationIsVisible = 0;
			defaultConfigurationName = Release;
		};
		48B22E9C25BF370D00DE6818 /* Build configuration list for PBXNativeTarget "UnsplashAPI" */ = {
			isa = XCConfigurationList;
			buildConfigurations = (
				48B22E9D25BF370D00DE6818 /* Debug */,
				48B22E9E25BF370D00DE6818 /* Release */,
			);
			defaultConfigurationIsVisible = 0;
			defaultConfigurationName = Release;
		};
/* End XCConfigurationList section */

/* Begin XCRemoteSwiftPackageReference section */
		48F8DC4525BF3B20000EFA3F /* XCRemoteSwiftPackageReference "SDWebImageSwiftUI" */ = {
			isa = XCRemoteSwiftPackageReference;
			repositoryURL = "https://github.com/SDWebImage/SDWebImageSwiftUI.git";
			requirement = {
				kind = upToNextMajorVersion;
				minimumVersion = 1.5.0;
			};
		};
/* End XCRemoteSwiftPackageReference section */

/* Begin XCSwiftPackageProductDependency section */
		48F8DC4625BF3B20000EFA3F /* SDWebImageSwiftUI */ = {
			isa = XCSwiftPackageProductDependency;
			package = 48F8DC4525BF3B20000EFA3F /* XCRemoteSwiftPackageReference "SDWebImageSwiftUI" */;
			productName = SDWebImageSwiftUI;
		};
/* End XCSwiftPackageProductDependency section */
	};
	rootObject = 48B22E8525BF370800DE6818 /* Project object */;
}
